
Microsoft Visual Studio Solution File, Format Version 12.00
# Visual Studio Version 17
VisualStudioVersion = 17.5.002.0
MinimumVisualStudioVersion = 10.0.40219.1
Project("{9A19103F-16F7-4668-BE54-9A1E7A4F7556}") = "Hi", "Hi.csproj", "{8089ED32-6894-4190-906A-DD0AE3B9FC71}"
EndProject
Global
	GlobalSection(SolutionConfigurationPlatforms) = preSolution
		Debug|Any CPU = Debug|Any CPU
		Release|Any CPU = Release|Any CPU
	EndGlobalSection
	GlobalSection(ProjectConfigurationPlatforms) = postSolution
		{8089ED32-6894-4190-906A-DD0AE3B9FC71}.Debug|Any CPU.ActiveCfg = Debug|Any CPU
		{8089ED32-6894-4190-906A-DD0AE3B9FC71}.Debug|Any CPU.Build.0 = Debug|Any CPU
		{8089ED32-6894-4190-906A-DD0AE3B9FC71}.Release|Any CPU.ActiveCfg = Release|Any CPU
		{8089ED32-6894-4190-906A-DD0AE3B9FC71}.Release|Any CPU.Build.0 = Release|Any CPU
	EndGlobalSection
	GlobalSection(SolutionProperties) = preSolution
		HideSolutionNode = FALSE
	EndGlobalSection
	GlobalSection(ExtensibilityGlobals) = postSolution
		SolutionGuid = {C3C19E3F-342B-4F44-A811-9E6E2CE6A0AB}
	EndGlobalSection
EndGlobal
